# Generated by conda-lock.
# platform: linux-64
# input_hash: 0151c3fa04bbe3a94f5b7484f98f6501e01784d82bf5a4803cc27ccbe13752b4
@EXPLICIT
https://conda.anaconda.org/conda-forge/linux-64/_libgcc_mutex-0.1-conda_forge.tar.bz2#d7c89558ba9fa0495403155b64376d81
https://conda.anaconda.org/conda-forge/linux-64/ca-certificates-2022.12.7-ha878542_0.conda#ff9f73d45c4a07d6f424495288a26080
https://conda.anaconda.org/conda-forge/noarch/font-ttf-dejavu-sans-mono-2.37-hab24e00_0.tar.bz2#0c96522c6bdaed4b1566d11387caaf45
https://conda.anaconda.org/conda-forge/noarch/font-ttf-inconsolata-3.000-h77eed37_0.tar.bz2#34893075a5c9e55cdafac56607368fc6
https://conda.anaconda.org/conda-forge/noarch/font-ttf-source-code-pro-2.038-h77eed37_0.tar.bz2#4d59c254e01d9cde7957100457e2d5fb
https://conda.anaconda.org/conda-forge/noarch/font-ttf-ubuntu-0.83-hab24e00_0.tar.bz2#19410c3df09dfb12d1206132a1d357c5
https://conda.anaconda.org/conda-forge/linux-64/ld_impl_linux-64-2.40-h41732ed_0.conda#7aca3059a1729aa76c597603f10b0dd3
https://conda.anaconda.org/conda-forge/linux-64/libgfortran5-12.2.0-h337968e_19.tar.bz2#164b4b1acaedc47ee7e658ae6b308ca3
https://conda.anaconda.org/conda-forge/linux-64/libstdcxx-ng-12.2.0-h46fd767_19.tar.bz2#1030b1f38c129f2634eae026f704fe60
https://conda.anaconda.org/conda-forge/noarch/pybind11-abi-4-hd8ed1ab_3.tar.bz2#878f923dd6acc8aeb47a75da6c4098be
https://conda.anaconda.org/conda-forge/linux-64/python_abi-3.8-3_cp38.conda#2f3f7af062b42d664117662612022204
https://conda.anaconda.org/conda-forge/noarch/fonts-conda-forge-1-0.tar.bz2#f766549260d6815b0c52253f1fb1bb29
https://conda.anaconda.org/conda-forge/linux-64/libgfortran-ng-12.2.0-h69a702a_19.tar.bz2#cd7a806282c16e1f2d39a7e80d3a3e0d
https://conda.anaconda.org/conda-forge/linux-64/libgomp-12.2.0-h65d4601_19.tar.bz2#cedcee7c064c01c403f962c9e8d3c373
https://conda.anaconda.org/conda-forge/linux-64/_openmp_mutex-4.5-2_gnu.tar.bz2#73aaf86a425cc6e73fcf236a5a46396d
https://conda.anaconda.org/conda-forge/noarch/fonts-conda-ecosystem-1-0.tar.bz2#fee5683a3f04bd15cbd8318b096a27ab
https://conda.anaconda.org/conda-forge/linux-64/libgcc-ng-12.2.0-h65d4601_19.tar.bz2#e4c94f80aef025c17ab0828cd85ef535
https://conda.anaconda.org/conda-forge/linux-64/bzip2-1.0.8-h7f98852_4.tar.bz2#a1fd65c7ccbf10880423d82bca54eb54
https://conda.anaconda.org/conda-forge/linux-64/c-ares-1.18.1-h7f98852_0.tar.bz2#f26ef8098fab1f719c91eb760d63381a
https://conda.anaconda.org/conda-forge/linux-64/fftw-3.3.10-nompi_hc118613_107.conda#28b2b46b350ddb6a01d061392f75af54
https://conda.anaconda.org/conda-forge/linux-64/fmt-9.1.0-h924138e_0.tar.bz2#b57864c85261a0fbc7132d2cc17478c7
https://conda.anaconda.org/conda-forge/linux-64/fribidi-1.0.10-h36c2ea0_0.tar.bz2#ac7bc6a654f8f41b352b38f4051135f8
https://conda.anaconda.org/conda-forge/linux-64/gettext-0.21.1-h27087fc_0.tar.bz2#14947d8770185e5153fdd04d4673ed37
https://conda.anaconda.org/conda-forge/linux-64/graphite2-1.3.13-h58526e2_1001.tar.bz2#8c54672728e8ec6aa6db90cf2806d220
https://conda.anaconda.org/conda-forge/linux-64/icu-72.1-hcb278e6_0.conda#7c8d20d847bb45f56bd941578fcfa146
https://conda.anaconda.org/conda-forge/linux-64/keyutils-1.6.1-h166bdaf_0.tar.bz2#30186d27e2c9fa62b45fb1476b7200e3
https://conda.anaconda.org/conda-forge/linux-64/lerc-4.0.0-h27087fc_0.tar.bz2#76bbff344f0134279f225174e9064c8f
https://conda.anaconda.org/conda-forge/linux-64/libaec-1.0.6-hcb278e6_1.conda#0f683578378cddb223e7fd24f785ab2a
https://conda.anaconda.org/conda-forge/linux-64/libdeflate-1.18-h0b41bf4_0.conda#6aa9c9de5542ecb07fdda9ca626252d8
https://conda.anaconda.org/conda-forge/linux-64/libev-4.33-h516909a_1.tar.bz2#6f8720dff19e17ce5d48cfe7f3d2f0a3
https://conda.anaconda.org/conda-forge/linux-64/libexpat-2.5.0-hcb278e6_1.conda#6305a3dd2752c76335295da4e581f2fd
https://conda.anaconda.org/conda-forge/linux-64/libffi-3.4.2-h7f98852_5.tar.bz2#d645c6d2ac96843a2bfaccd2d62b3ac3
https://conda.anaconda.org/conda-forge/linux-64/libglu-9.0.0-he1b5a44_1001.tar.bz2#8208602aec4826053c116552369a394c
https://conda.anaconda.org/conda-forge/linux-64/libiconv-1.17-h166bdaf_0.tar.bz2#b62b52da46c39ee2bc3c162ac7f1804d
https://conda.anaconda.org/conda-forge/linux-64/libjpeg-turbo-2.1.5.1-h0b41bf4_0.conda#1edd9e67bdb90d78cea97733ff6b54e6
https://conda.anaconda.org/conda-forge/linux-64/libnsl-2.0.0-h7f98852_0.tar.bz2#39b1328babf85c7c3a61636d9cd50206
https://conda.anaconda.org/conda-forge/linux-64/libopenblas-0.3.21-pthreads_h78a6416_3.tar.bz2#8c5963a49b6035c40646a763293fbb35
https://conda.anaconda.org/conda-forge/linux-64/libuuid-2.38.1-h0b41bf4_0.conda#40b61aab5c7ba9ff276c41cfffe6b80b
https://conda.anaconda.org/conda-forge/linux-64/libwebp-base-1.3.0-h0b41bf4_0.conda#0d4a7508d8c6c65314f2b9c1f56ad408
https://conda.anaconda.org/conda-forge/linux-64/libzlib-1.2.13-h166bdaf_4.tar.bz2#f3f9de449d32ca9b9c66a22863c96f41
https://conda.anaconda.org/conda-forge/linux-64/lz4-c-1.9.4-hcb278e6_0.conda#318b08df404f9c9be5712aaa5a6f0bb0
https://conda.anaconda.org/conda-forge/linux-64/lzo-2.10-h516909a_1000.tar.bz2#bb14fcb13341b81d5eb386423b9d2bac
https://conda.anaconda.org/conda-forge/linux-64/ncurses-6.3-h27087fc_1.tar.bz2#4acfc691e64342b9dae57cf2adc63238
https://conda.anaconda.org/conda-forge/linux-64/openssl-3.1.0-hd590300_2.conda#bf5eccefb2189cb3c9a1bf8051c6e588
https://conda.anaconda.org/conda-forge/linux-64/pixman-0.40.0-h36c2ea0_0.tar.bz2#660e72c82f2e75a6b3fe6a6e75c79f19
https://conda.anaconda.org/conda-forge/linux-64/pthread-stubs-0.4-h36c2ea0_1001.tar.bz2#22dad4df6e8630e8dff2428f6f6a7036
https://conda.anaconda.org/conda-forge/linux-64/reproc-14.2.4-h0b41bf4_0.conda#0f51393e019df1f0047ef864cd9ddeec
https://conda.anaconda.org/conda-forge/linux-64/xorg-inputproto-2.3.2-h7f98852_1002.tar.bz2#bcd1b3396ec6960cbc1d2855a9e60b2b
https://conda.anaconda.org/conda-forge/linux-64/xorg-kbproto-1.0.7-h7f98852_1002.tar.bz2#4b230e8381279d76131116660f5a241a
https://conda.anaconda.org/conda-forge/linux-64/xorg-libice-1.0.10-h7f98852_0.tar.bz2#d6b0b50b49eccfe0be0373be628be0f3
https://conda.anaconda.org/conda-forge/linux-64/xorg-libxau-1.0.9-h7f98852_0.tar.bz2#bf6f803a544f26ebbdc3bfff272eb179
https://conda.anaconda.org/conda-forge/linux-64/xorg-libxdmcp-1.1.3-h7f98852_0.tar.bz2#be93aabceefa2fac576e971aef407908
https://conda.anaconda.org/conda-forge/linux-64/xorg-renderproto-0.11.1-h7f98852_1002.tar.bz2#06feff3d2634e3097ce2fe681474b534
https://conda.anaconda.org/conda-forge/linux-64/xorg-xextproto-7.3.0-h0b41bf4_1003.conda#bce9f945da8ad2ae9b1d7165a64d0f87
https://conda.anaconda.org/conda-forge/linux-64/xorg-xproto-7.0.31-h7f98852_1007.tar.bz2#b4a4381d54784606820704f7b5f05a15
https://conda.anaconda.org/conda-forge/linux-64/xz-5.2.6-h166bdaf_0.tar.bz2#2161070d867d1b1204ea749c8eec4ef0
https://conda.anaconda.org/conda-forge/linux-64/yaml-cpp-0.7.0-h27087fc_2.tar.bz2#0449d47d8457feaa3720d4779616dde2
https://conda.anaconda.org/conda-forge/linux-64/expat-2.5.0-hcb278e6_1.conda#8b9b5aca60558d02ddaa09d599e55920
https://conda.anaconda.org/conda-forge/linux-64/hdf4-4.2.15-h501b40f_6.conda#c3e9338e15d90106f467377017352b97
https://conda.anaconda.org/conda-forge/linux-64/libblas-3.9.0-16_linux64_openblas.tar.bz2#d9b7a8639171f6c6fa0a983edabcfe2b
https://conda.anaconda.org/conda-forge/linux-64/libedit-3.1.20191231-he28a2e2_2.tar.bz2#4d331e44109e3f0e19b4cb8f9b82f3e1
https://conda.anaconda.org/conda-forge/linux-64/libnghttp2-1.52.0-h61bc06f_0.conda#613955a50485812985c059e7b269f42e
https://conda.anaconda.org/conda-forge/linux-64/libpng-1.6.39-h753d276_0.conda#e1c890aebdebbfbf87e2c917187b4416
https://conda.anaconda.org/conda-forge/linux-64/libsolv-0.7.23-h3eb15da_0.conda#122332e6deb4aea9eaf22021d2ecd256
https://conda.anaconda.org/conda-forge/linux-64/libsqlite-3.40.0-h753d276_1.conda#32565f92ca100184c67509d1d91c858a
https://conda.anaconda.org/conda-forge/linux-64/libssh2-1.10.0-hf14f497_3.tar.bz2#d85acad4b47dff4e3def14a769a97906
https://conda.anaconda.org/conda-forge/linux-64/libxcb-1.13-h7f98852_1004.tar.bz2#b3653fdc58d03face9724f602218a904
https://conda.anaconda.org/conda-forge/linux-64/libxml2-2.10.4-hfdac1af_0.conda#241845899caff54ac1d2b3102ad988cf
https://conda.anaconda.org/conda-forge/linux-64/libzip-1.9.2-hc929e4a_1.tar.bz2#5b122b50e738c4be5c3f2899f010d7cf
https://conda.anaconda.org/conda-forge/linux-64/pcre2-10.40-hc3806b6_0.tar.bz2#69e2c796349cd9b273890bee0febfe1b
https://conda.anaconda.org/conda-forge/linux-64/readline-8.2-h8228510_1.conda#47d31b792659ce70f470b5c82fdfb7a4
https://conda.anaconda.org/conda-forge/linux-64/reproc-cpp-14.2.4-hcb278e6_0.conda#ede8e0f849f2fee2f78cb488b4ea3b33
https://conda.anaconda.org/conda-forge/linux-64/tk-8.6.12-h27826a3_0.tar.bz2#5b8c42eb62e9fc961af70bdd6a26e168
https://conda.anaconda.org/conda-forge/linux-64/xorg-fixesproto-5.0-h7f98852_1002.tar.bz2#65ad6e1eb4aed2b0611855aff05e04f6
https://conda.anaconda.org/conda-forge/linux-64/xorg-libsm-1.2.3-hd9c2040_1000.tar.bz2#9e856f78d5c80d5a78f61e72d1d473a3
https://conda.anaconda.org/conda-forge/linux-64/zlib-1.2.13-h166bdaf_4.tar.bz2#4b11e365c0275b808be78b30f904e295
https://conda.anaconda.org/conda-forge/linux-64/zstd-1.5.2-h3eb15da_6.conda#6b63daed8feeca47be78f323e793d555
https://conda.anaconda.org/conda-forge/linux-64/freetype-2.12.1-hca18f0e_1.conda#e1232042de76d24539a436d37597eb06
https://conda.anaconda.org/conda-forge/linux-64/gdbm-1.18-h0a1914f_2.tar.bz2#b77bc399b07a19c00fe12fdc95ee0297
https://conda.anaconda.org/conda-forge/linux-64/krb5-1.20.1-h81ceb04_0.conda#89a41adce7106749573d883b2f657d78
https://conda.anaconda.org/conda-forge/linux-64/libarchive-3.6.2-h3d51595_0.conda#9f915b4adeb9dcfd450b9ad238e2db4c
https://conda.anaconda.org/conda-forge/linux-64/libcblas-3.9.0-16_linux64_openblas.tar.bz2#20bae26d0a1db73f758fc3754cab4719
https://conda.anaconda.org/conda-forge/linux-64/libglib-2.76.2-hebfc3b9_0.conda#db1d4a1dfc04f3eab50d97551850759a
https://conda.anaconda.org/conda-forge/linux-64/liblapack-3.9.0-16_linux64_openblas.tar.bz2#955d993f41f9354bf753d29864ea20ad
https://conda.anaconda.org/conda-forge/linux-64/libtiff-4.5.0-ha587672_6.conda#4e5ee4b062c21519efbee7e2ae608748
https://conda.anaconda.org/conda-forge/linux-64/python-3.8.16-he550d4f_1_cpython.conda#9de84cccfbc5f8350a3667bb6ef6fc30
https://conda.anaconda.org/conda-forge/linux-64/sqlite-3.40.0-h4ff8645_1.conda#a5cec05bd9e0a5843fa29de9591b93cb
https://conda.anaconda.org/conda-forge/linux-64/xorg-libx11-1.8.4-h0b41bf4_0.conda#ea8fbfeb976ac49cbeb594e985393514
https://conda.anaconda.org/conda-forge/noarch/attrs-22.2.0-pyh71513ae_0.conda#8b76db7818a4e401ed4486c4c1635cd9
https://conda.anaconda.org/conda-forge/noarch/boltons-23.0.0-pyhd8ed1ab_0.conda#033eb25fffd222aceeca6d58cd953680
https://conda.anaconda.org/conda-forge/noarch/certifi-2022.12.7-pyhd8ed1ab_0.conda#fb9addc3db06e56abe03e0e9f21a63e6
https://conda.anaconda.org/conda-forge/noarch/charset-normalizer-3.1.0-pyhd8ed1ab_0.conda#7fcff9f6f123696e940bda77bd4d6551
https://conda.anaconda.org/conda-forge/noarch/colorama-0.4.6-pyhd8ed1ab_0.tar.bz2#3faab06a954c2a04039983f2c4a50d99
https://conda.anaconda.org/conda-forge/noarch/crashtest-0.4.1-pyhd8ed1ab_0.tar.bz2#709a2295dd907bb34afb57d54320642f
https://conda.anaconda.org/conda-forge/linux-64/dbus-1.13.6-h5008d03_3.tar.bz2#ecfff944ba3960ecb334b9a2663d708d
https://conda.anaconda.org/conda-forge/noarch/distlib-0.3.6-pyhd8ed1ab_0.tar.bz2#b65b4d50dbd2d50fa0aeac367ec9eed7
https://conda.anaconda.org/conda-forge/noarch/filelock-3.12.0-pyhd8ed1ab_0.conda#650f18a56f366dbf419c15b543592c2d
https://conda.anaconda.org/conda-forge/linux-64/fontconfig-2.14.2-h14ed4e7_0.conda#0f69b688f52ff6da70bccb7ff7001d1d
https://conda.anaconda.org/conda-forge/noarch/idna-3.4-pyhd8ed1ab_0.tar.bz2#34272b248891bddccc64479f9a7fffed
https://conda.anaconda.org/conda-forge/noarch/jeepney-0.8.0-pyhd8ed1ab_0.tar.bz2#9800ad1699b42612478755a2d26c722d
https://conda.anaconda.org/conda-forge/noarch/jsonpointer-2.0-py_0.tar.bz2#07d85c22a3beb102a48cd123df84c2a6
https://conda.anaconda.org/conda-forge/linux-64/libcurl-8.0.1-h588be90_0.conda#b635278a73eb67edcfba7d01a6b48a03
https://conda.anaconda.org/conda-forge/noarch/lockfile-0.12.2-py_1.tar.bz2#c104d98e09c47519950cffb8dd5b4f10
https://conda.anaconda.org/conda-forge/noarch/more-itertools-9.1.0-pyhd8ed1ab_0.conda#1698a717f83cfecf644a877c174c84bd
https://conda.anaconda.org/conda-forge/linux-64/msgpack-python-1.0.5-py38hfbd4bf9_0.conda#5401b83c1007f408d0c74e23fa9b5eff
https://conda.anaconda.org/conda-forge/linux-64/numpy-1.24.3-py38h59b608b_0.conda#5836e4ab0399136ede58446a4776b2ff
https://conda.anaconda.org/conda-forge/noarch/packaging-23.1-pyhd8ed1ab_0.conda#91cda59e66e1e4afe9476f8ef98f5c30
https://conda.anaconda.org/conda-forge/noarch/pkginfo-1.9.6-pyhd8ed1ab_0.conda#be1e9f1c65a1ed0f2ae9352fec99db64
https://conda.anaconda.org/conda-forge/noarch/pkgutil-resolve-name-1.3.10-pyhd8ed1ab_0.tar.bz2#89e3c7cdde7d3aaa2aee933b604dd07f
https://conda.anaconda.org/conda-forge/noarch/pluggy-1.0.0-pyhd8ed1ab_5.tar.bz2#7d301a0d25f424d96175f810935f0da9
https://conda.anaconda.org/conda-forge/noarch/ptyprocess-0.7.0-pyhd3deb0d_0.tar.bz2#359eeb6536da0e687af562ed265ec263
https://conda.anaconda.org/conda-forge/linux-64/pycosat-0.6.4-py38h0a891b7_1.tar.bz2#f1c39cf3c19238d1e50429f81d4afae2
https://conda.anaconda.org/conda-forge/noarch/pycparser-2.21-pyhd8ed1ab_0.tar.bz2#076becd9e05608f8dc72757d5f3a91ff
https://conda.anaconda.org/conda-forge/linux-64/pyrsistent-0.19.3-py38h1de0b5d_0.conda#a33157288d499397a2a56da4d724948d
https://conda.anaconda.org/conda-forge/noarch/pysocks-1.7.1-pyha2e5f31_6.tar.bz2#2a7de29fb590ca14b5243c4c812c8025
https://conda.anaconda.org/conda-forge/noarch/python-installer-0.7.0-pyhd8ed1ab_0.conda#65dea78f903d686c8b0c2feaf0e15e1f
https://conda.anaconda.org/conda-forge/linux-64/ruamel.yaml.clib-0.2.7-py38h1de0b5d_1.conda#9afa2fc3c51cc4e7d1589c38e4e00d5c
https://conda.anaconda.org/conda-forge/noarch/setuptools-67.7.2-pyhd8ed1ab_0.conda#3b68bc43ec6baa48f7354a446267eefe
https://conda.anaconda.org/conda-forge/noarch/shellingham-1.5.1-pyhd8ed1ab_0.conda#1de44299f48f522caa2e0074231614e1
https://conda.anaconda.org/conda-forge/linux-64/simplejson-3.19.1-py38h1de0b5d_0.conda#ac4fe48f95b3b0ff6cbf5bb6f3591f6b
https://conda.anaconda.org/conda-forge/noarch/six-1.16.0-pyh6c4a22f_0.tar.bz2#e5f25f8dbc060e9a8d912e432202afc2
https://conda.anaconda.org/conda-forge/noarch/tomli-2.0.1-pyhd8ed1ab_0.tar.bz2#5844808ffab9ebdb694585b50ba02a96
https://conda.anaconda.org/conda-forge/noarch/toolz-0.12.0-pyhd8ed1ab_0.tar.bz2#92facfec94bc02d6ccf42e7173831a36
https://conda.anaconda.org/conda-forge/noarch/trove-classifiers-2023.4.29-pyhd8ed1ab_0.conda#4e8723fa24267d39f6fdd0ded3b00fa4
https://conda.anaconda.org/conda-forge/noarch/typing-3.10.0.0-pyhd8ed1ab_0.tar.bz2#e6573ac68718f17b9d4f5c8eda3190f2
https://conda.anaconda.org/conda-forge/noarch/typing_extensions-4.5.0-pyha770c72_0.conda#43e7d9e50261fb11deb76e17d8431aac
https://conda.anaconda.org/conda-forge/noarch/webencodings-0.5.1-py_1.tar.bz2#3563be4c5611a44210d9ba0c16113136
https://conda.anaconda.org/conda-forge/noarch/wheel-0.40.0-pyhd8ed1ab_0.conda#49bb0d9e60ce1db25e151780331bb5f3
https://conda.anaconda.org/conda-forge/linux-64/xorg-libxext-1.3.4-h0b41bf4_2.conda#82b6df12252e6f32402b96dacc656fec
https://conda.anaconda.org/conda-forge/linux-64/xorg-libxfixes-5.0.3-h7f98852_1004.tar.bz2#e9a21aa4d5e3e5f1aed71e8cefd46b6a
https://conda.anaconda.org/conda-forge/linux-64/xorg-libxrender-0.9.10-h7f98852_1003.tar.bz2#f59c1242cc1dd93e72c2ee2b360979eb
https://conda.anaconda.org/conda-forge/noarch/zipp-3.15.0-pyhd8ed1ab_0.conda#13018819ca8f5b7cc675a8faf1f5fedf
https://conda.anaconda.org/conda-forge/linux-64/cairo-1.16.0-h35add3b_1015.conda#0c944213e40c9e4aa32292776b9c6903
https://conda.anaconda.org/conda-forge/linux-64/cffi-1.15.1-py38h4a40e3a_3.conda#3ac112151c6b6cfe457e976de41af0c5
https://conda.anaconda.org/conda-forge/linux-64/curl-8.0.1-h588be90_0.conda#69691e828381dd12df671c26b680f1b0
https://conda.anaconda.org/conda-forge/linux-64/hdf5-1.14.0-nompi_hb72d44e_103.conda#975973a4350ab45ff1981fe535a12af5
https://conda.anaconda.org/conda-forge/noarch/html5lib-1.1-pyh9f0ad1d_0.tar.bz2#b2355343d6315c892543200231d7154a
https://conda.anaconda.org/conda-forge/noarch/importlib-metadata-6.6.0-pyha770c72_0.conda#f91a5d5175fb7ff2a91952ec7da59cb9
https://conda.anaconda.org/conda-forge/noarch/importlib_resources-5.12.0-pyhd8ed1ab_0.conda#e5fd2260a231ee63b6969f4801082f2b
https://conda.anaconda.org/conda-forge/noarch/jaraco.classes-3.2.3-pyhd8ed1ab_0.tar.bz2#31e4a1506968d017229bdb64695013a1
https://conda.anaconda.org/conda-forge/noarch/jsonpatch-1.32-pyhd8ed1ab_0.tar.bz2#09150b51b0528a31a0f6500b96fdde82
https://conda.anaconda.org/conda-forge/linux-64/libmamba-1.4.2-hcea66bb_0.conda#0b3b4c833ea1ec555063479e2ac259dc
https://conda.anaconda.org/conda-forge/noarch/pexpect-4.8.0-pyh1a96a4e_2.tar.bz2#330448ce4403cc74990ac07c555942a1
https://conda.anaconda.org/conda-forge/noarch/pip-23.1.2-pyhd8ed1ab_0.conda#7288da0d36821349cf1126e8670292df
https://conda.anaconda.org/conda-forge/linux-64/proj-9.1.1-h8ffa02c_2.conda#c264aea0e16bba26afa0a0940e954492
https://conda.anaconda.org/conda-forge/noarch/pyproject_hooks-1.0.0-pyhd8ed1ab_0.conda#21de50391d584eb7f4441b9de1ad773f
https://conda.anaconda.org/conda-forge/linux-64/rapidfuzz-2.15.1-py38h8dc9893_0.conda#5d91df5b336239d74e00dba05c1e6a64
https://conda.anaconda.org/conda-forge/linux-64/ruamel.yaml-0.17.21-py38h1de0b5d_3.conda#29d0ea5c8016a9e2ae30a4a61113169d
https://conda.anaconda.org/conda-forge/noarch/tomlkit-0.11.7-pyha770c72_0.conda#547d15e217a398578900787bf39ef01d
https://conda.anaconda.org/conda-forge/noarch/tqdm-4.65.0-pyhd8ed1ab_1.conda#ed792aff3acb977d09c7013358097f83
https://conda.anaconda.org/conda-forge/noarch/typing-extensions-4.5.0-hd8ed1ab_0.conda#b3c594fde1a80a1fc3eb9cc4a5dfe392
https://conda.anaconda.org/conda-forge/linux-64/xorg-libxi-1.7.10-h7f98852_0.tar.bz2#e77615e5141cad5a2acaa043d1cf0ca5
https://conda.anaconda.org/conda-forge/linux-64/brotlipy-0.7.0-py38h0a891b7_1005.tar.bz2#e99e08812dfff30fdd17b3f8838e2759
https://conda.anaconda.org/conda-forge/noarch/cleo-2.0.1-pyhd8ed1ab_0.conda#f1c5f2af6676cbe9206e191d1e70f661
https://conda.anaconda.org/conda-forge/linux-64/cryptography-40.0.2-py38h3d167d9_0.conda#5443d5da3591c818482757981424c5b4
https://conda.anaconda.org/conda-forge/linux-64/freeglut-3.2.2-h9c3ff4c_1.tar.bz2#1192066d1296de9b492175a4cf43fe8a
https://conda.anaconda.org/conda-forge/linux-64/harfbuzz-7.2.0-hdb3a94d_0.conda#27604dbb11b2727d80aad7752c6959fb
https://conda.anaconda.org/conda-forge/noarch/importlib_metadata-6.6.0-hd8ed1ab_0.conda#3cbc9615f10a3d471532b83e4250b971
https://conda.anaconda.org/conda-forge/noarch/jsonschema-4.17.3-pyhd8ed1ab_0.conda#723268a468177cd44568eb8f794e0d80
https://conda.anaconda.org/conda-forge/linux-64/libmambapy-1.4.2-py38h7fa060d_0.conda#56befc33b62b6188bb5e0b130820ca4e
https://conda.anaconda.org/conda-forge/linux-64/libnetcdf-4.9.1-nompi_hf3f8848_103.conda#fdc40fa5fefeef083504b41606b29b55
https://conda.anaconda.org/conda-forge/noarch/platformdirs-2.6.2-pyhd8ed1ab_0.conda#0b4cc3f8181b0d8446eb5387d7848a54
https://conda.anaconda.org/conda-forge/noarch/poetry-core-1.5.2-pyhd8ed1ab_0.conda#57569be9bdfc6baf2b28ee4ae5c6ed3a
https://conda.anaconda.org/conda-forge/noarch/python-build-0.10.0-pyhd8ed1ab_1.conda#0ab47ce574f6a8bcb9f2076436e7fedb
https://conda.anaconda.org/conda-forge/linux-64/zstandard-0.19.0-py38h5945529_1.conda#c082b3fdcc1f26a187814a6e180058fb
https://conda.anaconda.org/conda-forge/noarch/conda-package-streaming-0.7.0-pyhd8ed1ab_1.conda#1a2fa9e53cfbc2e4d9ab21990805a436
https://conda.anaconda.org/conda-forge/linux-64/jasper-4.0.0-h32699f2_1.conda#fdde5424ecef5f7ad310b4242229291c
https://conda.anaconda.org/conda-forge/linux-64/pango-1.50.14-heaa33ce_1.conda#cde553e0e32389e26595db4eacf859eb
https://conda.anaconda.org/conda-forge/noarch/poetry-plugin-export-1.3.1-pyhd8ed1ab_0.conda#78092f3001808dbd1dbdb7166ccee64d
https://conda.anaconda.org/conda-forge/noarch/pyopenssl-23.1.1-pyhd8ed1ab_0.conda#0b34aa3ab7e7ccb1765a03dd9ed29938
https://conda.anaconda.org/conda-forge/linux-64/secretstorage-3.3.3-py38h578d9bd_1.tar.bz2#7ff0f00ee67fcbccbae548be59bfae77
https://conda.anaconda.org/conda-forge/noarch/virtualenv-20.21.1-pyhd8ed1ab_0.conda#a5c4387ca0742230272f98e08120ac23
https://conda.anaconda.org/conda-forge/noarch/conda-package-handling-2.0.2-pyh38be061_0.conda#44800e9bd13143292097c65e57323038
https://conda.anaconda.org/conda-forge/linux-64/eccodes-2.29.0-h65eb51b_2.conda#5aa27767a086f74ccfb56a67be48216d
https://conda.anaconda.org/conda-forge/linux-64/keyring-23.13.1-py38h578d9bd_0.conda#713b14390d450db02fea6b0c0535d67a
https://conda.anaconda.org/conda-forge/noarch/urllib3-1.26.15-pyhd8ed1ab_0.conda#27db656619a55d727eaf5a6ece3d2fd6
https://conda.anaconda.org/conda-forge/linux-64/dulwich-0.21.3-py38h1de0b5d_0.conda#0b908d57fd90cb1e1966e4d4b308edeb
https://conda.anaconda.org/conda-forge/linux-64/magics-metview-batch-4.13.0-h37abd2f_2.conda#c272676b7ee03d266bfff7d7f99785dd
https://conda.anaconda.org/conda-forge/noarch/requests-2.29.0-pyhd8ed1ab_0.conda#5fa992d972fbccfc069161805122cb8d
https://conda.anaconda.org/conda-forge/noarch/cachecontrol-0.12.11-pyhd8ed1ab_1.conda#e8f0410e0aa03342304357c5cc3bb75d
https://conda.anaconda.org/conda-forge/linux-64/conda-23.3.1-py38h578d9bd_0.conda#022f9a855f1020ac097561259629909c
https://conda.anaconda.org/conda-forge/linux-64/metview-batch-5.19.0-h0e2844e_0.conda#99aed2659993637553a45a17df29b097
https://conda.anaconda.org/conda-forge/noarch/requests-toolbelt-0.10.1-pyhd8ed1ab_0.tar.bz2#a4cd20af9711434f89d1ec0d2b3ae6ba
https://conda.anaconda.org/conda-forge/linux-64/mamba-1.4.2-py38haad2881_0.conda#653e73e82be8d82ba167e3f04d414489
https://conda.anaconda.org/conda-forge/noarch/poetry-1.4.2-linux_pyhd8ed1ab_0.conda#4f54033839290559f0693169c92c8500
